
Microsoft Visual Studio Solution File, Format Version 12.00
# Visual Studio 14
VisualStudioVersion = 14.0.23107.0
MinimumVisualStudioVersion = 10.0.40219.1
Project("{FAE04EC0-301F-11D3-BF4B-00C04F79EFBC}") = "WCF.Labb2.BMI", "WCF.Labb2\WCF.Labb2.BMI.csproj", "{3A7EDC14-8611-4703-838B-48CB97F5B6C7}"
EndProject
Project("{FAE04EC0-301F-11D3-BF4B-00C04F79EFBC}") = "WCF_Service_BMI", "WCF_Service\WCF_Service_BMI.csproj", "{695CDE87-C396-4023-83B2-1DAB5704F390}"
EndProject
Project("{FAE04EC0-301F-11D3-BF4B-00C04F79EFBC}") = "WCF_Service_Days", "WCF_Service_Days\WCF_Service_Days.csproj", "{435F280F-9EF6-4823-B48C-218BBEA7E539}"
EndProject
Project("{FAE04EC0-301F-11D3-BF4B-00C04F79EFBC}") = "WCF.Labb2.Days", "WCF.Labb2.Days\WCF.Labb2.Days.csproj", "{62667FEB-059C-410E-A654-34DABDC6A9EE}"
EndProject
Project("{FAE04EC0-301F-11D3-BF4B-00C04F79EFBC}") = "WCF.Labb2.ThousandDays", "WCF.Labb2.1000\WCF.Labb2.ThousandDays.csproj", "{FE1D7DF2-ADAB-4D06-AD5A-26A4F40227AE}"
EndProject
Project("{FAE04EC0-301F-11D3-BF4B-00C04F79EFBC}") = "WCF_Service_ThousandDays", "WCF_Service_1000\WCF_Service_ThousandDays.csproj", "{D9B6F128-AF8C-46D1-95B3-819289986DC2}"
EndProject
Global
	GlobalSection(SolutionConfigurationPlatforms) = preSolution
		Debug|Any CPU = Debug|Any CPU
		Release|Any CPU = Release|Any CPU
	EndGlobalSection
	GlobalSection(ProjectConfigurationPlatforms) = postSolution
		{3A7EDC14-8611-4703-838B-48CB97F5B6C7}.Debug|Any CPU.ActiveCfg = Debug|Any CPU
		{3A7EDC14-8611-4703-838B-48CB97F5B6C7}.Debug|Any CPU.Build.0 = Debug|Any CPU
		{3A7EDC14-8611-4703-838B-48CB97F5B6C7}.Release|Any CPU.ActiveCfg = Release|Any CPU
		{3A7EDC14-8611-4703-838B-48CB97F5B6C7}.Release|Any CPU.Build.0 = Release|Any CPU
		{695CDE87-C396-4023-83B2-1DAB5704F390}.Debug|Any CPU.ActiveCfg = Debug|Any CPU
		{695CDE87-C396-4023-83B2-1DAB5704F390}.Debug|Any CPU.Build.0 = Debug|Any CPU
		{695CDE87-C396-4023-83B2-1DAB5704F390}.Release|Any CPU.ActiveCfg = Release|Any CPU
		{695CDE87-C396-4023-83B2-1DAB5704F390}.Release|Any CPU.Build.0 = Release|Any CPU
		{435F280F-9EF6-4823-B48C-218BBEA7E539}.Debug|Any CPU.ActiveCfg = Debug|Any CPU
		{435F280F-9EF6-4823-B48C-218BBEA7E539}.Debug|Any CPU.Build.0 = Debug|Any CPU
		{435F280F-9EF6-4823-B48C-218BBEA7E539}.Release|Any CPU.ActiveCfg = Release|Any CPU
		{435F280F-9EF6-4823-B48C-218BBEA7E539}.Release|Any CPU.Build.0 = Release|Any CPU
		{62667FEB-059C-410E-A654-34DABDC6A9EE}.Debug|Any CPU.ActiveCfg = Debug|Any CPU
		{62667FEB-059C-410E-A654-34DABDC6A9EE}.Debug|Any CPU.Build.0 = Debug|Any CPU
		{62667FEB-059C-410E-A654-34DABDC6A9EE}.Release|Any CPU.ActiveCfg = Release|Any CPU
		{62667FEB-059C-410E-A654-34DABDC6A9EE}.Release|Any CPU.Build.0 = Release|Any CPU
		{FE1D7DF2-ADAB-4D06-AD5A-26A4F40227AE}.Debug|Any CPU.ActiveCfg = Debug|Any CPU
		{FE1D7DF2-ADAB-4D06-AD5A-26A4F40227AE}.Debug|Any CPU.Build.0 = Debug|Any CPU
		{FE1D7DF2-ADAB-4D06-AD5A-26A4F40227AE}.Release|Any CPU.ActiveCfg = Release|Any CPU
		{FE1D7DF2-ADAB-4D06-AD5A-26A4F40227AE}.Release|Any CPU.Build.0 = Release|Any CPU
		{D9B6F128-AF8C-46D1-95B3-819289986DC2}.Debug|Any CPU.ActiveCfg = Debug|Any CPU
		{D9B6F128-AF8C-46D1-95B3-819289986DC2}.Debug|Any CPU.Build.0 = Debug|Any CPU
		{D9B6F128-AF8C-46D1-95B3-819289986DC2}.Release|Any CPU.ActiveCfg = Release|Any CPU
		{D9B6F128-AF8C-46D1-95B3-819289986DC2}.Release|Any CPU.Build.0 = Release|Any CPU
	EndGlobalSection
	GlobalSection(SolutionProperties) = preSolution
		HideSolutionNode = FALSE
	EndGlobalSection
EndGlobal
